schema: '2.0'
stages:
  download:
    cmd: python src/download.py
    deps:
    - path: src/download.py
      hash: md5
      md5: 882523591be51d5590d178ded36f1672
      size: 3004
    params:
      params.yaml:
        data.n_locs: 2
        data.seed: 18
        data.year: 2023
    outs:
    - path: data/
      hash: md5
      md5: befeef85b0ba4c7040064df314f5e622.dir
      size: 95994768
      nfiles: 2
  prepare:
    cmd: python src/prepare.py
    deps:
    - path: data/
      hash: md5
      md5: befeef85b0ba4c7040064df314f5e622.dir
      size: 95994768
      nfiles: 2
    - path: src/prepare.py
      hash: md5
      md5: 59f9747819422d67ade4a31aadd944dc
      size: 2481
    outs:
    - path: outputs/
      hash: md5
      md5: c31cb52b4bdabb8063053d2960ebc6db.dir
      size: 314
      nfiles: 3
  process:
    cmd: python src/process.py
    deps:
    - path: data/
      hash: md5
      md5: befeef85b0ba4c7040064df314f5e622.dir
      size: 95994768
      nfiles: 2
    - path: outputs/
      hash: md5
      md5: c31cb52b4bdabb8063053d2960ebc6db.dir
      size: 314
      nfiles: 3
    - path: src/process.py
      hash: md5
      md5: 4026fde82729e4e69df7db262d8520d6
      size: 1911
    outs:
    - path: outputs_computed/
      hash: md5
      md5: d69391c3089263b873e616f4191b9278.dir
      size: 527
      nfiles: 2
  evaluate:
    cmd: python src/evaluate.py
    deps:
    - path: outputs/
      hash: md5
      md5: c31cb52b4bdabb8063053d2960ebc6db.dir
      size: 314
      nfiles: 3
    - path: outputs_computed/
      hash: md5
      md5: d69391c3089263b873e616f4191b9278.dir
      size: 527
      nfiles: 2
    - path: src/evaluate.py
      hash: md5
      md5: b0cdfee799028b190838bc0c1577fc03
      size: 1395
    outs:
    - path: metrics/r2_score.json
      hash: md5
      md5: 04d40374f487b6b5a22cf4ce561738cb
      size: 44
